
Microsoft Visual Studio Solution File, Format Version 12.00
# Visual Studio Version 17
VisualStudioVersion = 17.5.33516.290
MinimumVisualStudioVersion = 10.0.40219.1
Project("{2150E333-8FDC-42A3-9474-1A3956D46DE8}") = "NewFolder1", "NewFolder1", "{D69BE784-0EC6-4085-9DEF-2D96FC926979}"
EndProject
Project("{FAE04EC0-301F-11D3-BF4B-00C04F79EFBC}") = "connnectC#_SQL", "connnectC#_SQL\connnectC#_SQL.csproj", "{C23FA47C-B7F8-4792-B0F8-AF29B616201C}"
EndProject
Project("{2150E333-8FDC-42A3-9474-1A3956D46DE8}") = "Bot", "Bot", "{0AFFDD9A-0D7A-4FF7-AF54-576F8E145215}"
EndProject
Project("{FAE04EC0-301F-11D3-BF4B-00C04F79EFBC}") = "Chatele", "Chatele\Chatele.csproj", "{68ABD0E8-1687-4FD7-8BDD-929A8EBB22CF}"
EndProject
Global
	GlobalSection(SolutionConfigurationPlatforms) = preSolution
		Debug|Any CPU = Debug|Any CPU
		Release|Any CPU = Release|Any CPU
	EndGlobalSection
	GlobalSection(ProjectConfigurationPlatforms) = postSolution
		{C23FA47C-B7F8-4792-B0F8-AF29B616201C}.Debug|Any CPU.ActiveCfg = Debug|Any CPU
		{C23FA47C-B7F8-4792-B0F8-AF29B616201C}.Debug|Any CPU.Build.0 = Debug|Any CPU
		{C23FA47C-B7F8-4792-B0F8-AF29B616201C}.Release|Any CPU.ActiveCfg = Release|Any CPU
		{C23FA47C-B7F8-4792-B0F8-AF29B616201C}.Release|Any CPU.Build.0 = Release|Any CPU
		{68ABD0E8-1687-4FD7-8BDD-929A8EBB22CF}.Debug|Any CPU.ActiveCfg = Debug|Any CPU
		{68ABD0E8-1687-4FD7-8BDD-929A8EBB22CF}.Debug|Any CPU.Build.0 = Debug|Any CPU
		{68ABD0E8-1687-4FD7-8BDD-929A8EBB22CF}.Release|Any CPU.ActiveCfg = Release|Any CPU
		{68ABD0E8-1687-4FD7-8BDD-929A8EBB22CF}.Release|Any CPU.Build.0 = Release|Any CPU
	EndGlobalSection
	GlobalSection(SolutionProperties) = preSolution
		HideSolutionNode = FALSE
	EndGlobalSection
	GlobalSection(NestedProjects) = preSolution
		{C23FA47C-B7F8-4792-B0F8-AF29B616201C} = {D69BE784-0EC6-4085-9DEF-2D96FC926979}
		{68ABD0E8-1687-4FD7-8BDD-929A8EBB22CF} = {0AFFDD9A-0D7A-4FF7-AF54-576F8E145215}
	EndGlobalSection
	GlobalSection(ExtensibilityGlobals) = postSolution
		SolutionGuid = {60F7100A-EE29-42FE-B9AA-E4F6C55F52C9}
	EndGlobalSection
EndGlobal
